
Microsoft Visual Studio Solution File, Format Version 12.00
# Visual Studio Version 16
VisualStudioVersion = 16.0.31129.286
MinimumVisualStudioVersion = 10.0.40219.1
Project("{FAE04EC0-301F-11D3-BF4B-00C04F79EFBC}") = "TesteProjeto", "TesteProjeto.csproj", "{54022783-1D66-49B8-9350-9F89790FBED8}"
EndProject
Global
	GlobalSection(SolutionConfigurationPlatforms) = preSolution
		Debug|Any CPU = Debug|Any CPU
		Release|Any CPU = Release|Any CPU
	EndGlobalSection
	GlobalSection(ProjectConfigurationPlatforms) = postSolution
		{54022783-1D66-49B8-9350-9F89790FBED8}.Debug|Any CPU.ActiveCfg = Debug|Any CPU
		{54022783-1D66-49B8-9350-9F89790FBED8}.Debug|Any CPU.Build.0 = Debug|Any CPU
		{54022783-1D66-49B8-9350-9F89790FBED8}.Release|Any CPU.ActiveCfg = Release|Any CPU
		{54022783-1D66-49B8-9350-9F89790FBED8}.Release|Any CPU.Build.0 = Release|Any CPU
	EndGlobalSection
	GlobalSection(SolutionProperties) = preSolution
		HideSolutionNode = FALSE
	EndGlobalSection
	GlobalSection(ExtensibilityGlobals) = postSolution
		SolutionGuid = {7320386D-F698-4C79-97E0-302A27A139FE}
	EndGlobalSection
EndGlobal
